github.com/vulkan-go/vulkan v0.0.0-20210402152248-956e3850d8f9 h1:WFujQpkMAAd8dqccEm10n8dly4yQ/R5d2+Us7GutowA=
github.com/vulkan-go/vulkan v0.0.0-20210402152248-956e3850d8f9/go.mod h1:Y5Ti1uUBdKDsb0W8aPtIo9krs+29Y7p6Bc9yyy4AM6g=
github.com/xlab/tablewriter v0.0.0-20160610135559-80b567a11ad5 h1:gmD7q6cCJfBbcuobWQe/KzLsd9Cd3amS1Mq5f3uU1qo=
github.com/xlab/tablewriter v0.0.0-20160610135559-80b567a11ad5/go.mod h1:fVwOndYN3s5IaGlMucfgxwMhqwcaJtlGejBU6zX6Yxw=
